
Microsoft Visual Studio Solution File, Format Version 12.00
# Visual Studio 15
VisualStudioVersion = 15.0.28010.2041
MinimumVisualStudioVersion = 10.0.40219.1
Project("{FAE04EC0-301F-11D3-BF4B-00C04F79EFBC}") = "StepFlow.Test", "StepFlow.Test\StepFlow.Test.csproj", "{C14CF7EB-3A31-4B98-A8A7-5ED9E1CED8E4}"
EndProject
Project("{FAE04EC0-301F-11D3-BF4B-00C04F79EFBC}") = "StepFlow", "StepFlow\StepFlow.csproj", "{2B287205-0817-4649-8FBB-823E723E61B7}"
EndProject
Global
	GlobalSection(SolutionConfigurationPlatforms) = preSolution
		Debug|Any CPU = Debug|Any CPU
		Release|Any CPU = Release|Any CPU
	EndGlobalSection
	GlobalSection(ProjectConfigurationPlatforms) = postSolution
		{C14CF7EB-3A31-4B98-A8A7-5ED9E1CED8E4}.Debug|Any CPU.ActiveCfg = Debug|Any CPU
		{C14CF7EB-3A31-4B98-A8A7-5ED9E1CED8E4}.Debug|Any CPU.Build.0 = Debug|Any CPU
		{C14CF7EB-3A31-4B98-A8A7-5ED9E1CED8E4}.Release|Any CPU.ActiveCfg = Release|Any CPU
		{C14CF7EB-3A31-4B98-A8A7-5ED9E1CED8E4}.Release|Any CPU.Build.0 = Release|Any CPU
		{2B287205-0817-4649-8FBB-823E723E61B7}.Debug|Any CPU.ActiveCfg = Debug|Any CPU
		{2B287205-0817-4649-8FBB-823E723E61B7}.Debug|Any CPU.Build.0 = Debug|Any CPU
		{2B287205-0817-4649-8FBB-823E723E61B7}.Release|Any CPU.ActiveCfg = Release|Any CPU
		{2B287205-0817-4649-8FBB-823E723E61B7}.Release|Any CPU.Build.0 = Release|Any CPU
	EndGlobalSection
	GlobalSection(SolutionProperties) = preSolution
		HideSolutionNode = FALSE
	EndGlobalSection
	GlobalSection(ExtensibilityGlobals) = postSolution
		SolutionGuid = {61476FEB-0EE3-41F5-852F-E20E45F145F2}
	EndGlobalSection
EndGlobal
